{
  "lockfileVersion": 1,
  "workspaces": {
    "": {
      "name": "arp-syncing",
      "dependencies": {
        "@nestjs/common": "^11.1.6",
        "@nestjs/core": "^11.1.6",
        "fast-xml-parser": "^5.3.2",
        "got": "^14.4.7",
        "rxjs": "^7.8.1",
        "tough-cookie": "^6.0.0",
      },
      "devDependencies": {
        "@types/bun": "^1.2.20",
        "@types/node": "^20.4.0",
        "ts-node": "^10.9.1",
        "typescript": "^5.9.2",
      },
    },
  },
  "packages": {
    "@borewit/text-codec": ["@borewit/text-codec@0.1.1", "", {}, "sha512-5L/uBxmjaCIX5h8Z+uu+kA9BQLkc/Wl06UGR5ajNRxu+/XjonB5i8JpgFMrPj3LXTCPA0pv8yxUvbUi+QthGGA=="],

    "@cspotcode/source-map-support": ["@cspotcode/source-map-support@0.8.1", "", { "dependencies": { "@jridgewell/trace-mapping": "0.3.9" } }, "sha512-IchNf6dN4tHoMFIn/7OE8LWZ19Y6q/67Bmf6vnGREv8RSbBVb9LPJxEcnwrcwX6ixSvaiGoomAUvu4YSxXrVgw=="],

    "@jridgewell/resolve-uri": ["@jridgewell/resolve-uri@3.1.2", "", {}, "sha512-bRISgCIjP20/tbWSPWMEi54QVPRZExkuD9lJL+UIxUKtwVJA8wW1Trb1jMs1RFXo1CBTNZ/5hpC9QvmKWdopKw=="],

    "@jridgewell/sourcemap-codec": ["@jridgewell/sourcemap-codec@1.5.5", "", {}, "sha512-cYQ9310grqxueWbl+WuIUIaiUaDcj7WOq5fVhEljNVgRfOUhY9fy2zTvfoqWsnebh8Sl70VScFbICvJnLKB0Og=="],

    "@jridgewell/trace-mapping": ["@jridgewell/trace-mapping@0.3.9", "", { "dependencies": { "@jridgewell/resolve-uri": "^3.0.3", "@jridgewell/sourcemap-codec": "^1.4.10" } }, "sha512-3Belt6tdc8bPgAtbcmdtNJlirVoTmEb5e2gC94PnkwEW9jI6CAHUeoG85tjWP5WquqfavoMtMwiG4P926ZKKuQ=="],

    "@keyv/serialize": ["@keyv/serialize@1.1.1", "", {}, "sha512-dXn3FZhPv0US+7dtJsIi2R+c7qWYiReoEh5zUntWCf4oSpMNib8FDhSoed6m3QyZdx5hK7iLFkYk3rNxwt8vTA=="],

    "@lukeed/csprng": ["@lukeed/csprng@1.1.0", "", {}, "sha512-Z7C/xXCiGWsg0KuKsHTKJxbWhpI3Vs5GwLfOean7MGyVFGqdRgBbAjOCh6u4bbjPc/8MJ2pZmK/0DLdCbivLDA=="],

    "@nestjs/common": ["@nestjs/common@11.1.9", "", { "dependencies": { "file-type": "21.1.0", "iterare": "1.2.1", "load-esm": "1.0.3", "tslib": "2.8.1", "uid": "2.0.2" }, "peerDependencies": { "class-transformer": ">=0.4.1", "class-validator": ">=0.13.2", "reflect-metadata": "^0.1.12 || ^0.2.0", "rxjs": "^7.1.0" }, "optionalPeers": ["class-transformer", "class-validator"] }, "sha512-zDntUTReRbAThIfSp3dQZ9kKqI+LjgLp5YZN5c1bgNRDuoeLySAoZg46Bg1a+uV8TMgIRziHocglKGNzr6l+bQ=="],

    "@nestjs/core": ["@nestjs/core@11.1.9", "", { "dependencies": { "@nuxt/opencollective": "0.4.1", "fast-safe-stringify": "2.1.1", "iterare": "1.2.1", "path-to-regexp": "8.3.0", "tslib": "2.8.1", "uid": "2.0.2" }, "peerDependencies": { "@nestjs/common": "^11.0.0", "@nestjs/microservices": "^11.0.0", "@nestjs/platform-express": "^11.0.0", "@nestjs/websockets": "^11.0.0", "reflect-metadata": "^0.1.12 || ^0.2.0", "rxjs": "^7.1.0" }, "optionalPeers": ["@nestjs/microservices", "@nestjs/platform-express", "@nestjs/websockets"] }, "sha512-a00B0BM4X+9z+t3UxJqIZlemIwCQdYoPKrMcM+ky4z3pkqqG1eTWexjs+YXpGObnLnjtMPVKWlcZHp3adDYvUw=="],

    "@nuxt/opencollective": ["@nuxt/opencollective@0.4.1", "", { "dependencies": { "consola": "^3.2.3" }, "bin": { "opencollective": "bin/opencollective.js" } }, "sha512-GXD3wy50qYbxCJ652bDrDzgMr3NFEkIS374+IgFQKkCvk9yiYcLvX2XDYr7UyQxf4wK0e+yqDYRubZ0DtOxnmQ=="],

    "@sec-ant/readable-stream": ["@sec-ant/readable-stream@0.4.1", "", {}, "sha512-831qok9r2t8AlxLko40y2ebgSDhenenCatLVeW/uBtnHPyhHOvG0C7TvfgecV+wHzIm5KUICgzmVpWS+IMEAeg=="],

    "@sindresorhus/is": ["@sindresorhus/is@7.1.1", "", {}, "sha512-rO92VvpgMc3kfiTjGT52LEtJ8Yc5kCWhZjLQ3LwlA4pSgPpQO7bVpYXParOD8Jwf+cVQECJo3yP/4I8aZtUQTQ=="],

    "@tokenizer/inflate": ["@tokenizer/inflate@0.3.1", "", { "dependencies": { "debug": "^4.4.1", "fflate": "^0.8.2", "token-types": "^6.0.0" } }, "sha512-4oeoZEBQdLdt5WmP/hx1KZ6D3/Oid/0cUb2nk4F0pTDAWy+KCH3/EnAkZF/bvckWo8I33EqBm01lIPgmgc8rCA=="],

    "@tokenizer/token": ["@tokenizer/token@0.3.0", "", {}, "sha512-OvjF+z51L3ov0OyAU0duzsYuvO01PH7x4t6DJx+guahgTnBHkhJdG7soQeTSFLWN3efnHyibZ4Z8l2EuWwJN3A=="],

    "@tsconfig/node10": ["@tsconfig/node10@1.0.12", "", {}, "sha512-UCYBaeFvM11aU2y3YPZ//O5Rhj+xKyzy7mvcIoAjASbigy8mHMryP5cK7dgjlz2hWxh1g5pLw084E0a/wlUSFQ=="],

    "@tsconfig/node12": ["@tsconfig/node12@1.0.11", "", {}, "sha512-cqefuRsh12pWyGsIoBKJA9luFu3mRxCA+ORZvA4ktLSzIuCUtWVxGIuXigEwO5/ywWFMZ2QEGKWvkZG1zDMTag=="],

    "@tsconfig/node14": ["@tsconfig/node14@1.0.3", "", {}, "sha512-ysT8mhdixWK6Hw3i1V2AeRqZ5WfXg1G43mqoYlM2nc6388Fq5jcXyr5mRsqViLx/GJYdoL0bfXD8nmF+Zn/Iow=="],

    "@tsconfig/node16": ["@tsconfig/node16@1.0.4", "", {}, "sha512-vxhUy4J8lyeyinH7Azl1pdd43GJhZH/tP2weN8TntQblOY+A0XbT8DJk1/oCPuOOyg/Ja757rG0CgHcWC8OfMA=="],

    "@types/bun": ["@types/bun@1.3.3", "", { "dependencies": { "bun-types": "1.3.3" } }, "sha512-ogrKbJ2X5N0kWLLFKeytG0eHDleBYtngtlbu9cyBKFtNL3cnpDZkNdQj8flVf6WTZUX5ulI9AY1oa7ljhSrp+g=="],

    "@types/http-cache-semantics": ["@types/http-cache-semantics@4.0.4", "", {}, "sha512-1m0bIFVc7eJWyve9S0RnuRgcQqF/Xd5QsUZAZeQFr1Q3/p9JWoQQEqmVy+DPTNpGXwhgIetAoYF8JSc33q29QA=="],

    "@types/node": ["@types/node@20.19.25", "", { "dependencies": { "undici-types": "~6.21.0" } }, "sha512-ZsJzA5thDQMSQO788d7IocwwQbI8B5OPzmqNvpf3NY/+MHDAS759Wo0gd2WQeXYt5AAAQjzcrTVC6SKCuYgoCQ=="],

    "acorn": ["acorn@8.15.0", "", { "bin": { "acorn": "bin/acorn" } }, "sha512-NZyJarBfL7nWwIq+FDL6Zp/yHEhePMNnnJ0y3qfieCrmNvYct8uvtiV41UvlSe6apAfk0fY1FbWx+NwfmpvtTg=="],

    "acorn-walk": ["acorn-walk@8.3.4", "", { "dependencies": { "acorn": "^8.11.0" } }, "sha512-ueEepnujpqee2o5aIYnvHU6C0A42MNdsIDeqy5BydrkuC5R1ZuUFnm27EeFJGoEHJQgn3uleRvmTXaJgfXbt4g=="],

    "arg": ["arg@4.1.3", "", {}, "sha512-58S9QDqG0Xx27YwPSt9fJxivjYl432YCwfDMfZ+71RAqUrZef7LrKQZ3LHLOwCS4FLNBplP533Zx895SeOCHvA=="],

    "bun-types": ["bun-types@1.3.3", "", { "dependencies": { "@types/node": "*" } }, "sha512-z3Xwlg7j2l9JY27x5Qn3Wlyos8YAp0kKRlrePAOjgjMGS5IG6E7Jnlx736vH9UVI4wUICwwhC9anYL++XeOgTQ=="],

    "byte-counter": ["byte-counter@0.1.0", "", {}, "sha512-jheRLVMeUKrDBjVw2O5+k4EvR4t9wtxHL+bo/LxfkxsVeuGMy3a5SEGgXdAFA4FSzTrU8rQXQIrsZ3oBq5a0pQ=="],

    "cacheable-lookup": ["cacheable-lookup@7.0.0", "", {}, "sha512-+qJyx4xiKra8mZrcwhjMRMUhD5NR1R8esPkzIYxX96JiecFoxAXFuz/GpR3+ev4PE1WamHip78wV0vcmPQtp8w=="],

    "cacheable-request": ["cacheable-request@13.0.15", "", { "dependencies": { "@types/http-cache-semantics": "^4.0.4", "get-stream": "^9.0.1", "http-cache-semantics": "^4.2.0", "keyv": "^5.5.4", "mimic-response": "^4.0.0", "normalize-url": "^8.1.0", "responselike": "^4.0.2" } }, "sha512-NjiSrjv37X73FmGGU5ec/M83vWQ6q1Ae3BFe+ABfdeeMy4LOMKYTpfEjrBnLedu43clKZtsYbKrHTIQE7vKq+A=="],

    "consola": ["consola@3.4.2", "", {}, "sha512-5IKcdX0nnYavi6G7TtOhwkYzyjfJlatbjMjuLSfE2kYT5pMDOilZ4OvMhi637CcDICTmz3wARPoyhqyX1Y+XvA=="],

    "create-require": ["create-require@1.1.1", "", {}, "sha512-dcKFX3jn0MpIaXjisoRvexIJVEKzaq7z2rZKxf+MSr9TkdmHmsU4m2lcLojrj/FHl8mk5VxMmYA+ftRkP/3oKQ=="],

    "debug": ["debug@4.4.3", "", { "dependencies": { "ms": "^2.1.3" } }, "sha512-RGwwWnwQvkVfavKVt22FGLw+xYSdzARwm0ru6DhTVA3umU5hZc28V3kO4stgYryrTlLpuvgI9GiijltAjNbcqA=="],

    "decompress-response": ["decompress-response@10.0.0", "", { "dependencies": { "mimic-response": "^4.0.0" } }, "sha512-oj7KWToJuuxlPr7VV0vabvxEIiqNMo+q0NueIiL3XhtwC6FVOX7Hr1c0C4eD0bmf7Zr+S/dSf2xvkH3Ad6sU3Q=="],

    "diff": ["diff@4.0.2", "", {}, "sha512-58lmxKSA4BNyLz+HHMUzlOEpg09FV+ev6ZMe3vJihgdxzgcwZ8VoEEPmALCZG9LmqfVoNMMKpttIYTVG6uDY7A=="],

    "fast-safe-stringify": ["fast-safe-stringify@2.1.1", "", {}, "sha512-W+KJc2dmILlPplD/H4K9l9LcAHAfPtP6BY84uVLXQ6Evcz9Lcg33Y2z1IVblT6xdY54PXYVHEv+0Wpq8Io6zkA=="],

    "fast-xml-parser": ["fast-xml-parser@5.3.2", "", { "dependencies": { "strnum": "^2.1.0" }, "bin": { "fxparser": "src/cli/cli.js" } }, "sha512-n8v8b6p4Z1sMgqRmqLJm3awW4NX7NkaKPfb3uJIBTSH7Pdvufi3PQ3/lJLQrvxcMYl7JI2jnDO90siPEpD8JBA=="],

    "fflate": ["fflate@0.8.2", "", {}, "sha512-cPJU47OaAoCbg0pBvzsgpTPhmhqI5eJjh/JIu8tPj5q+T7iLvW/JAYUqmE7KOB4R1ZyEhzBaIQpQpardBF5z8A=="],

    "file-type": ["file-type@21.1.0", "", { "dependencies": { "@tokenizer/inflate": "^0.3.1", "strtok3": "^10.3.1", "token-types": "^6.0.0", "uint8array-extras": "^1.4.0" } }, "sha512-boU4EHmP3JXkwDo4uhyBhTt5pPstxB6eEXKJBu2yu2l7aAMMm7QQYQEzssJmKReZYrFdFOJS8koVo6bXIBGDqA=="],

    "form-data-encoder": ["form-data-encoder@4.1.0", "", {}, "sha512-G6NsmEW15s0Uw9XnCg+33H3ViYRyiM0hMrMhhqQOR8NFc5GhYrI+6I3u7OTw7b91J2g8rtvMBZJDbcGb2YUniw=="],

    "get-stream": ["get-stream@9.0.1", "", { "dependencies": { "@sec-ant/readable-stream": "^0.4.1", "is-stream": "^4.0.1" } }, "sha512-kVCxPF3vQM/N0B1PmoqVUqgHP+EeVjmZSQn+1oCRPxd2P21P2F19lIgbR3HBosbB1PUhOAoctJnfEn2GbN2eZA=="],

    "got": ["got@14.6.5", "", { "dependencies": { "@sindresorhus/is": "^7.0.1", "byte-counter": "^0.1.0", "cacheable-lookup": "^7.0.0", "cacheable-request": "^13.0.12", "decompress-response": "^10.0.0", "form-data-encoder": "^4.0.2", "http2-wrapper": "^2.2.1", "keyv": "^5.5.3", "lowercase-keys": "^3.0.0", "p-cancelable": "^4.0.1", "responselike": "^4.0.2", "type-fest": "^4.26.1" } }, "sha512-Su87c0NNeg97de1sO02gy9I8EmE7DCJ1gzcFLcgGpYeq2PnLg4xz73MWrp6HjqbSsjb6Glf4UBDW6JNyZA6uSg=="],

    "http-cache-semantics": ["http-cache-semantics@4.2.0", "", {}, "sha512-dTxcvPXqPvXBQpq5dUr6mEMJX4oIEFv6bwom3FDwKRDsuIjjJGANqhBuoAn9c1RQJIdAKav33ED65E2ys+87QQ=="],

    "http2-wrapper": ["http2-wrapper@2.2.1", "", { "dependencies": { "quick-lru": "^5.1.1", "resolve-alpn": "^1.2.0" } }, "sha512-V5nVw1PAOgfI3Lmeaj2Exmeg7fenjhRUgz1lPSezy1CuhPYbgQtbQj4jZfEAEMlaL+vupsvhjqCyjzob0yxsmQ=="],

    "ieee754": ["ieee754@1.2.1", "", {}, "sha512-dcyqhDvX1C46lXZcVqCpK+FtMRQVdIMN6/Df5js2zouUsqG7I6sFxitIC+7KYK29KdXOLHdu9zL4sFnoVQnqaA=="],

    "is-stream": ["is-stream@4.0.1", "", {}, "sha512-Dnz92NInDqYckGEUJv689RbRiTSEHCQ7wOVeALbkOz999YpqT46yMRIGtSNl2iCL1waAZSx40+h59NV/EwzV/A=="],

    "iterare": ["iterare@1.2.1", "", {}, "sha512-RKYVTCjAnRthyJes037NX/IiqeidgN1xc3j1RjFfECFp28A1GVwK9nA+i0rJPaHqSZwygLzRnFlzUuHFoWWy+Q=="],

    "keyv": ["keyv@5.5.5", "", { "dependencies": { "@keyv/serialize": "^1.1.1" } }, "sha512-FA5LmZVF1VziNc0bIdCSA1IoSVnDCqE8HJIZZv2/W8YmoAM50+tnUgJR/gQZwEeIMleuIOnRnHA/UaZRNeV4iQ=="],

    "load-esm": ["load-esm@1.0.3", "", {}, "sha512-v5xlu8eHD1+6r8EHTg6hfmO97LN8ugKtiXcy5e6oN72iD2r6u0RPfLl6fxM+7Wnh2ZRq15o0russMst44WauPA=="],

    "lowercase-keys": ["lowercase-keys@3.0.0", "", {}, "sha512-ozCC6gdQ+glXOQsveKD0YsDy8DSQFjDTz4zyzEHNV5+JP5D62LmfDZ6o1cycFx9ouG940M5dE8C8CTewdj2YWQ=="],

    "make-error": ["make-error@1.3.6", "", {}, "sha512-s8UhlNe7vPKomQhC1qFelMokr/Sc3AgNbso3n74mVPA5LTZwkB9NlXf4XPamLxJE8h0gh73rM94xvwRT2CVInw=="],

    "mimic-response": ["mimic-response@4.0.0", "", {}, "sha512-e5ISH9xMYU0DzrT+jl8q2ze9D6eWBto+I8CNpe+VI+K2J/F/k3PdkdTdz4wvGVH4NTpo+NRYTVIuMQEMMcsLqg=="],

    "ms": ["ms@2.1.3", "", {}, "sha512-6FlzubTLZG3J2a/NVCAleEhjzq5oxgHyaCU9yYXvcLsvoVaHJq/s5xXI6/XXP6tz7R9xAOtHnSO/tXtF3WRTlA=="],

    "normalize-url": ["normalize-url@8.1.0", "", {}, "sha512-X06Mfd/5aKsRHc0O0J5CUedwnPmnDtLF2+nq+KN9KSDlJHkPuh0JUviWjEWMe0SW/9TDdSLVPuk7L5gGTIA1/w=="],

    "p-cancelable": ["p-cancelable@4.0.1", "", {}, "sha512-wBowNApzd45EIKdO1LaU+LrMBwAcjfPaYtVzV3lmfM3gf8Z4CHZsiIqlM8TZZ8okYvh5A1cP6gTfCRQtwUpaUg=="],

    "path-to-regexp": ["path-to-regexp@8.3.0", "", {}, "sha512-7jdwVIRtsP8MYpdXSwOS0YdD0Du+qOoF/AEPIt88PcCFrZCzx41oxku1jD88hZBwbNUIEfpqvuhjFaMAqMTWnA=="],

    "quick-lru": ["quick-lru@5.1.1", "", {}, "sha512-WuyALRjWPDGtt/wzJiadO5AXY+8hZ80hVpe6MyivgraREW751X3SbhRvG3eLKOYN+8VEvqLcf3wdnt44Z4S4SA=="],

    "reflect-metadata": ["reflect-metadata@0.2.2", "", {}, "sha512-urBwgfrvVP/eAyXx4hluJivBKzuEbSQs9rKWCrCkbSxNv8mxPcUZKeuoF3Uy4mJl3Lwprp6yy5/39VWigZ4K6Q=="],

    "resolve-alpn": ["resolve-alpn@1.2.1", "", {}, "sha512-0a1F4l73/ZFZOakJnQ3FvkJ2+gSTQWz/r2KE5OdDY0TxPm5h4GkqkWWfM47T7HsbnOtcJVEF4epCVy6u7Q3K+g=="],

    "responselike": ["responselike@4.0.2", "", { "dependencies": { "lowercase-keys": "^3.0.0" } }, "sha512-cGk8IbWEAnaCpdAt1BHzJ3Ahz5ewDJa0KseTsE3qIRMJ3C698W8psM7byCeWVpd/Ha7FUYzuRVzXoKoM6nRUbA=="],

    "rxjs": ["rxjs@7.8.2", "", { "dependencies": { "tslib": "^2.1.0" } }, "sha512-dhKf903U/PQZY6boNNtAGdWbG85WAbjT/1xYoZIC7FAY0yWapOBQVsVrDl58W86//e1VpMNBtRV4MaXfdMySFA=="],

    "strnum": ["strnum@2.1.1", "", {}, "sha512-7ZvoFTiCnGxBtDqJ//Cu6fWtZtc7Y3x+QOirG15wztbdngGSkht27o2pyGWrVy0b4WAy3jbKmnoK6g5VlVNUUw=="],

    "strtok3": ["strtok3@10.3.4", "", { "dependencies": { "@tokenizer/token": "^0.3.0" } }, "sha512-KIy5nylvC5le1OdaaoCJ07L+8iQzJHGH6pWDuzS+d07Cu7n1MZ2x26P8ZKIWfbK02+XIL8Mp4RkWeqdUCrDMfg=="],

    "tldts": ["tldts@7.0.19", "", { "dependencies": { "tldts-core": "^7.0.19" }, "bin": { "tldts": "bin/cli.js" } }, "sha512-8PWx8tvC4jDB39BQw1m4x8y5MH1BcQ5xHeL2n7UVFulMPH/3Q0uiamahFJ3lXA0zO2SUyRXuVVbWSDmstlt9YA=="],

    "tldts-core": ["tldts-core@7.0.19", "", {}, "sha512-lJX2dEWx0SGH4O6p+7FPwYmJ/bu1JbcGJ8RLaG9b7liIgZ85itUVEPbMtWRVrde/0fnDPEPHW10ZsKW3kVsE9A=="],

    "token-types": ["token-types@6.1.1", "", { "dependencies": { "@borewit/text-codec": "^0.1.0", "@tokenizer/token": "^0.3.0", "ieee754": "^1.2.1" } }, "sha512-kh9LVIWH5CnL63Ipf0jhlBIy0UsrMj/NJDfpsy1SqOXlLKEVyXXYrnFxFT1yOOYVGBSApeVnjPw/sBz5BfEjAQ=="],

    "tough-cookie": ["tough-cookie@6.0.0", "", { "dependencies": { "tldts": "^7.0.5" } }, "sha512-kXuRi1mtaKMrsLUxz3sQYvVl37B0Ns6MzfrtV5DvJceE9bPyspOqk9xxv7XbZWcfLWbFmm997vl83qUWVJA64w=="],

    "ts-node": ["ts-node@10.9.2", "", { "dependencies": { "@cspotcode/source-map-support": "^0.8.0", "@tsconfig/node10": "^1.0.7", "@tsconfig/node12": "^1.0.7", "@tsconfig/node14": "^1.0.0", "@tsconfig/node16": "^1.0.2", "acorn": "^8.4.1", "acorn-walk": "^8.1.1", "arg": "^4.1.0", "create-require": "^1.1.0", "diff": "^4.0.1", "make-error": "^1.1.1", "v8-compile-cache-lib": "^3.0.1", "yn": "3.1.1" }, "peerDependencies": { "@swc/core": ">=1.2.50", "@swc/wasm": ">=1.2.50", "@types/node": "*", "typescript": ">=2.7" }, "optionalPeers": ["@swc/core", "@swc/wasm"], "bin": { "ts-node": "dist/bin.js", "ts-script": "dist/bin-script-deprecated.js", "ts-node-cwd": "dist/bin-cwd.js", "ts-node-esm": "dist/bin-esm.js", "ts-node-script": "dist/bin-script.js", "ts-node-transpile-only": "dist/bin-transpile.js" } }, "sha512-f0FFpIdcHgn8zcPSbf1dRevwt047YMnaiJM3u2w2RewrB+fob/zePZcrOyQoLMMO7aBIddLcQIEK5dYjkLnGrQ=="],

    "tslib": ["tslib@2.8.1", "", {}, "sha512-oJFu94HQb+KVduSUQL7wnpmqnfmLsOA/nAh6b6EH0wCEoK0/mPeXU6c3wKDV83MkOuHPRHtSXKKU99IBazS/2w=="],

    "type-fest": ["type-fest@4.41.0", "", {}, "sha512-TeTSQ6H5YHvpqVwBRcnLDCBnDOHWYu7IvGbHT6N8AOymcr9PJGjc1GTtiWZTYg0NCgYwvnYWEkVChQAr9bjfwA=="],

    "typescript": ["typescript@5.9.3", "", { "bin": { "tsc": "bin/tsc", "tsserver": "bin/tsserver" } }, "sha512-jl1vZzPDinLr9eUt3J/t7V6FgNEw9QjvBPdysz9KfQDD41fQrC2Y4vKQdiaUpFT4bXlb1RHhLpp8wtm6M5TgSw=="],

    "uid": ["uid@2.0.2", "", { "dependencies": { "@lukeed/csprng": "^1.0.0" } }, "sha512-u3xV3X7uzvi5b1MncmZo3i2Aw222Zk1keqLA1YkHldREkAhAqi65wuPfe7lHx8H/Wzy+8CE7S7uS3jekIM5s8g=="],

    "uint8array-extras": ["uint8array-extras@1.5.0", "", {}, "sha512-rvKSBiC5zqCCiDZ9kAOszZcDvdAHwwIKJG33Ykj43OKcWsnmcBRL09YTU4nOeHZ8Y2a7l1MgTd08SBe9A8Qj6A=="],

    "undici-types": ["undici-types@6.21.0", "", {}, "sha512-iwDZqg0QAGrg9Rav5H4n0M64c3mkR59cJ6wQp+7C4nI0gsmExaedaYLNO44eT4AtBBwjbTiGPMlt2Md0T9H9JQ=="],

    "v8-compile-cache-lib": ["v8-compile-cache-lib@3.0.1", "", {}, "sha512-wa7YjyUGfNZngI/vtK0UHAN+lgDCxBPCylVXGp0zu59Fz5aiGtNXaq3DhIov063MorB+VfufLh3JlF2KdTK3xg=="],

    "yn": ["yn@3.1.1", "", {}, "sha512-Ux4ygGWsu2c7isFWe8Yu1YluJmqVhxqK2cLXNQA5AcC3QfbGNpM7fu0Y8b/z16pXLnFxZYvWhd3fhBY9DLmC6Q=="],
  }
}
